PODS:
  - Capacitor (6.2.1):
    - CapacitorCordova
  - CapacitorClipboard (6.0.3):
    - Capacitor
  - CapacitorCordova (6.2.1)
  - CapacitorHaptics (6.0.3):
    - Capacitor
  - CapacitorStatusBar (6.0.3):
    - Capacitor

DEPENDENCIES:
  - "Capacitor (from `../../node_modules/@capacitor/ios`)"
  - "CapacitorClipboard (from `../../node_modules/@capacitor/clipboard`)"
  - "CapacitorCordova (from `../../node_modules/@capacitor/ios`)"
  - "CapacitorHaptics (from `../../node_modules/@capacitor/haptics`)"
  - "CapacitorStatusBar (from `../../node_modules/@capacitor/status-bar`)"

EXTERNAL SOURCES:
  Capacitor:
    :path: "../../node_modules/@capacitor/ios"
  CapacitorClipboard:
    :path: "../../node_modules/@capacitor/clipboard"
  CapacitorCordova:
    :path: "../../node_modules/@capacitor/ios"
  CapacitorHaptics:
    :path: "../../node_modules/@capacitor/haptics"
  CapacitorStatusBar:
    :path: "../../node_modules/@capacitor/status-bar"

SPEC CHECKSUMS:
  Capacitor: c95400d761e376be9da6be5a05f226c0e865cebf
  CapacitorClipboard: 6479f3d5c20e5f985cb72e620e11f20a351777e2
  CapacitorCordova: 8d93e14982f440181be7304aa9559ca631d77fff
  CapacitorHaptics: 40f83026feeee9cfe36e89e9c98a3baaaf20c450
  CapacitorStatusBar: 149cde8f1328ec3aa6cbdd872a55137ae3f98b16

PODFILE CHECKSUM: bb2d7bb5d1320415cc14ba635d85090a1f7f65dd

COCOAPODS: 1.16.2
